
Microsoft Visual Studio Solution File, Format Version 12.00
# Visual Studio Version 16
VisualStudioVersion = 16.0.28803.202
MinimumVisualStudioVersion = 10.0.40219.1
Project("{9A19103F-16F7-4668-BE54-9A1E7A4F7556}") = "QuizMakerOnline", "QuizMakerOnline\QuizMakerOnline.csproj", "{C546CD58-C126-4BF1-8763-02926433219C}"
EndProject
Global
	GlobalSection(SolutionConfigurationPlatforms) = preSolution
		Debug|Any CPU = Debug|Any CPU
		Release|Any CPU = Release|Any CPU
	EndGlobalSection
	GlobalSection(ProjectConfigurationPlatforms) = postSolution
		{C546CD58-C126-4BF1-8763-02926433219C}.Debug|Any CPU.ActiveCfg = Debug|Any CPU
		{C546CD58-C126-4BF1-8763-02926433219C}.Debug|Any CPU.Build.0 = Debug|Any CPU
		{C546CD58-C126-4BF1-8763-02926433219C}.Release|Any CPU.ActiveCfg = Release|Any CPU
		{C546CD58-C126-4BF1-8763-02926433219C}.Release|Any CPU.Build.0 = Release|Any CPU
	EndGlobalSection
	GlobalSection(SolutionProperties) = preSolution
		HideSolutionNode = FALSE
	EndGlobalSection
	GlobalSection(ExtensibilityGlobals) = postSolution
		SolutionGuid = {BF868A4D-C0B1-40BE-83C9-16696EFE3AA3}
	EndGlobalSection
EndGlobal
